// !$*UTF8*$!
{
	archiveVersion = 1;
	classes = {
	};
	objectVersion = 46;
	objects = {

/* Begin PBXBuildFile section */
		D04DB08F1EB4620800935600 /* main.cpp in Sources */ = {isa = PBXBuildFile; fileRef = D04DB08E1EB4620800935600 /* main.cpp */; };
		D04DB09A1EB47A1600935600 /* RuntimeContext.cpp in Sources */ = {isa = PBXBuildFile; fileRef = D04DB0981EB47A1600935600 /* RuntimeContext.cpp */; };
		D04DB09D1EB47A2600935600 /* Common.cpp in Sources */ = {isa = PBXBuildFile; fileRef = D04DB09B1EB47A2600935600 /* Common.cpp */; };
		D04DB0A01EB47A3200935600 /* AST.cpp in Sources */ = {isa = PBXBuildFile; fileRef = D04DB09E1EB47A3200935600 /* AST.cpp */; };
		D04DB0AB1EB9730000935600 /* Lexer.cpp in Sources */ = {isa = PBXBuildFile; fileRef = D04DB0A91EB9730000935600 /* Lexer.cpp */; };
		D04DB0AE1EB982A200935600 /* Parser.cpp in Sources */ = {isa = PBXBuildFile; fileRef = D04DB0AC1EB982A200935600 /* Parser.cpp */; };
		D04DB0B11EB99DBD00935600 /* Builder.cpp in Sources */ = {isa = PBXBuildFile; fileRef = D04DB0AF1EB99DBD00935600 /* Builder.cpp */; };
		D04DB0B41EBC20BD00935600 /* AST_Statements.cpp in Sources */ = {isa = PBXBuildFile; fileRef = D04DB0B21EBC20BD00935600 /* AST_Statements.cpp */; };
/* End PBXBuildFile section */

/* Begin PBXCopyFilesBuildPhase section */
		D04DB0891EB4620800935600 /* CopyFiles */ = {
			isa = PBXCopyFilesBuildPhase;
			buildActionMask = 2147483647;
			dstPath = /usr/share/man/man1/;
			dstSubfolderSpec = 0;
			files = (
			);
			runOnlyForDeploymentPostprocessing = 1;
		};
/* End PBXCopyFilesBuildPhase section */

/* Begin PBXFileReference section */
		D04DB08B1EB4620800935600 /* PeteSlang */ = {isa = PBXFileReference; explicitFileType = "compiled.mach-o.executable"; includeInIndex = 0; path = PeteSlang; sourceTree = BUILT_PRODUCTS_DIR; };
		D04DB08E1EB4620800935600 /* main.cpp */ = {isa = PBXFileReference; lastKnownFileType = sourcecode.cpp.cpp; path = main.cpp; sourceTree = "<group>"; };
		D04DB0981EB47A1600935600 /* RuntimeContext.cpp */ = {isa = PBXFileReference; fileEncoding = 4; lastKnownFileType = sourcecode.cpp.cpp; path = RuntimeContext.cpp; sourceTree = "<group>"; };
		D04DB0991EB47A1600935600 /* RuntimeContext.hpp */ = {isa = PBXFileReference; fileEncoding = 4; lastKnownFileType = sourcecode.cpp.h; path = RuntimeContext.hpp; sourceTree = "<group>"; };
		D04DB09B1EB47A2600935600 /* Common.cpp */ = {isa = PBXFileReference; fileEncoding = 4; lastKnownFileType = sourcecode.cpp.cpp; path = Common.cpp; sourceTree = "<group>"; };
		D04DB09C1EB47A2600935600 /* Common.hpp */ = {isa = PBXFileReference; fileEncoding = 4; lastKnownFileType = sourcecode.cpp.h; path = Common.hpp; sourceTree = "<group>"; };
		D04DB09E1EB47A3200935600 /* AST.cpp */ = {isa = PBXFileReference; fileEncoding = 4; lastKnownFileType = sourcecode.cpp.cpp; path = AST.cpp; sourceTree = "<group>"; };
		D04DB09F1EB47A3200935600 /* AST.hpp */ = {isa = PBXFileReference; fileEncoding = 4; lastKnownFileType = sourcecode.cpp.h; path = AST.hpp; sourceTree = "<group>"; };
		D04DB0A91EB9730000935600 /* Lexer.cpp */ = {isa = PBXFileReference; fileEncoding = 4; lastKnownFileType = sourcecode.cpp.cpp; path = Lexer.cpp; sourceTree = "<group>"; };
		D04DB0AA1EB9730000935600 /* Lexer.hpp */ = {isa = PBXFileReference; fileEncoding = 4; lastKnownFileType = sourcecode.cpp.h; path = Lexer.hpp; sourceTree = "<group>"; };
		D04DB0AC1EB982A200935600 /* Parser.cpp */ = {isa = PBXFileReference; fileEncoding = 4; lastKnownFileType = sourcecode.cpp.cpp; path = Parser.cpp; sourceTree = "<group>"; };
		D04DB0AD1EB982A200935600 /* Parser.hpp */ = {isa = PBXFileReference; fileEncoding = 4; lastKnownFileType = sourcecode.cpp.h; path = Parser.hpp; sourceTree = "<group>"; };
		D04DB0AF1EB99DBD00935600 /* Builder.cpp */ = {isa = PBXFileReference; fileEncoding = 4; lastKnownFileType = sourcecode.cpp.cpp; path = Builder.cpp; sourceTree = "<group>"; };
		D04DB0B01EB99DBD00935600 /* Builder.hpp */ = {isa = PBXFileReference; fileEncoding = 4; lastKnownFileType = sourcecode.cpp.h; path = Builder.hpp; sourceTree = "<group>"; };
		D04DB0B21EBC20BD00935600 /* AST_Statements.cpp */ = {isa = PBXFileReference; fileEncoding = 4; lastKnownFileType = sourcecode.cpp.cpp; path = AST_Statements.cpp; sourceTree = "<group>"; };
		D04DB0B31EBC20BD00935600 /* AST_Statements.hpp */ = {isa = PBXFileReference; fileEncoding = 4; lastKnownFileType = sourcecode.cpp.h; path = AST_Statements.hpp; sourceTree = "<group>"; };
/* End PBXFileReference section */

/* Begin PBXFrameworksBuildPhase section */
		D04DB0881EB4620800935600 /* Frameworks */ = {
			isa = PBXFrameworksBuildPhase;
			buildActionMask = 2147483647;
			files = (
			);
			runOnlyForDeploymentPostprocessing = 0;
		};
/* End PBXFrameworksBuildPhase section */

/* Begin PBXGroup section */
		D04DB0821EB4620800935600 = {
			isa = PBXGroup;
			children = (
				D04DB08D1EB4620800935600 /* PeteSlang */,
				D04DB08C1EB4620800935600 /* Products */,
			);
			sourceTree = "<group>";
		};
		D04DB08C1EB4620800935600 /* Products */ = {
			isa = PBXGroup;
			children = (
				D04DB08B1EB4620800935600 /* PeteSlang */,
			);
			name = Products;
			sourceTree = "<group>";
		};
		D04DB08D1EB4620800935600 /* PeteSlang */ = {
			isa = PBXGroup;
			children = (
				D04DB08E1EB4620800935600 /* main.cpp */,
				D04DB0991EB47A1600935600 /* RuntimeContext.hpp */,
				D04DB0981EB47A1600935600 /* RuntimeContext.cpp */,
				D04DB09C1EB47A2600935600 /* Common.hpp */,
				D04DB09B1EB47A2600935600 /* Common.cpp */,
				D04DB09F1EB47A3200935600 /* AST.hpp */,
				D04DB09E1EB47A3200935600 /* AST.cpp */,
				D04DB0B31EBC20BD00935600 /* AST_Statements.hpp */,
				D04DB0B21EBC20BD00935600 /* AST_Statements.cpp */,
				D04DB0AA1EB9730000935600 /* Lexer.hpp */,
				D04DB0A91EB9730000935600 /* Lexer.cpp */,
				D04DB0AD1EB982A200935600 /* Parser.hpp */,
				D04DB0AC1EB982A200935600 /* Parser.cpp */,
				D04DB0B01EB99DBD00935600 /* Builder.hpp */,
				D04DB0AF1EB99DBD00935600 /* Builder.cpp */,
			);
			path = PeteSlang;
			sourceTree = "<group>";
		};
/* End PBXGroup section */

/* Begin PBXNativeTarget section */
		D04DB08A1EB4620800935600 /* PeteSlang */ = {
			isa = PBXNativeTarget;
			buildConfigurationList = D04DB0921EB4620800935600 /* Build configuration list for PBXNativeTarget "PeteSlang" */;
			buildPhases = (
				D04DB0871EB4620800935600 /* Sources */,
				D04DB0881EB4620800935600 /* Frameworks */,
				D04DB0891EB4620800935600 /* CopyFiles */,
			);
			buildRules = (
			);
			dependencies = (
			);
			name = PeteSlang;
			productName = PeteSlang;
			productReference = D04DB08B1EB4620800935600 /* PeteSlang */;
			productType = "com.apple.product-type.tool";
		};
/* End PBXNativeTarget section */

/* Begin PBXProject section */
		D04DB0831EB4620800935600 /* Project object */ = {
			isa = PBXProject;
			attributes = {
				LastUpgradeCheck = 0830;
				ORGANIZATIONNAME = Peter;
				TargetAttributes = {
					D04DB08A1EB4620800935600 = {
						CreatedOnToolsVersion = 8.3.1;
						ProvisioningStyle = Automatic;
					};
				};
			};
			buildConfigurationList = D04DB0861EB4620800935600 /* Build configuration list for PBXProject "PeteSlang" */;
			compatibilityVersion = "Xcode 3.2";
			developmentRegion = English;
			hasScannedForEncodings = 0;
			knownRegions = (
				en,
			);
			mainGroup = D04DB0821EB4620800935600;
			productRefGroup = D04DB08C1EB4620800935600 /* Products */;
			projectDirPath = "";
			projectRoot = "";
			targets = (
				D04DB08A1EB4620800935600 /* PeteSlang */,
			);
		};
/* End PBXProject section */

/* Begin PBXSourcesBuildPhase section */
		D04DB0871EB4620800935600 /* Sources */ = {
			isa = PBXSourcesBuildPhase;
			buildActionMask = 2147483647;
			files = (
				D04DB0B11EB99DBD00935600 /* Builder.cpp in Sources */,
				D04DB0A01EB47A3200935600 /* AST.cpp in Sources */,
				D04DB0B41EBC20BD00935600 /* AST_Statements.cpp in Sources */,
				D04DB09A1EB47A1600935600 /* RuntimeContext.cpp in Sources */,
				D04DB08F1EB4620800935600 /* main.cpp in Sources */,
				D04DB09D1EB47A2600935600 /* Common.cpp in Sources */,
				D04DB0AE1EB982A200935600 /* Parser.cpp in Sources */,
				D04DB0AB1EB9730000935600 /* Lexer.cpp in Sources */,
			);
			runOnlyForDeploymentPostprocessing = 0;
		};
/* End PBXSourcesBuildPhase section */

/* Begin XCBuildConfiguration section */
		D04DB0901EB4620800935600 /* Debug */ = {
			isa = XCBuildConfiguration;
			buildSettings = {
				ALWAYS_SEARCH_USER_PATHS = NO;
				CLANG_ANALYZER_NONNULL = YES;
				CLANG_ANALYZER_NUMBER_OBJECT_CONVERSION = YES_AGGRESSIVE;
				CLANG_CXX_LANGUAGE_STANDARD = "gnu++0x";
				CLANG_CXX_LIBRARY = "libc++";
				CLANG_ENABLE_MODULES = YES;
				CLANG_ENABLE_OBJC_ARC = YES;
				CLANG_WARN_BOOL_CONVERSION = YES;
				CLANG_WARN_CONSTANT_CONVERSION = YES;
				CLANG_WARN_DIRECT_OBJC_ISA_USAGE = YES_ERROR;
				CLANG_WARN_DOCUMENTATION_COMMENTS = YES;
				CLANG_WARN_EMPTY_BODY = YES;
				CLANG_WARN_ENUM_CONVERSION = YES;
				CLANG_WARN_INFINITE_RECURSION = YES;
				CLANG_WARN_INT_CONVERSION = YES;
				CLANG_WARN_OBJC_ROOT_CLASS = YES_ERROR;
				CLANG_WARN_SUSPICIOUS_MOVE = YES;
				CLANG_WARN_UNREACHABLE_CODE = YES;
				CLANG_WARN__DUPLICATE_METHOD_MATCH = YES;
				CODE_SIGN_IDENTITY = "-";
				COPY_PHASE_STRIP = NO;
				DEBUG_INFORMATION_FORMAT = dwarf;
				ENABLE_STRICT_OBJC_MSGSEND = YES;
				ENABLE_TESTABILITY = YES;
				GCC_C_LANGUAGE_STANDARD = gnu99;
				GCC_DYNAMIC_NO_PIC = NO;
				GCC_NO_COMMON_BLOCKS = YES;
				GCC_OPTIMIZATION_LEVEL = 0;
				GCC_PREPROCESSOR_DEFINITIONS = (
					"DEBUG=1",
					"$(inherited)",
				);
				GCC_WARN_64_TO_32_BIT_CONVERSION = YES;
				GCC_WARN_ABOUT_RETURN_TYPE = YES_ERROR;
				GCC_WARN_UNDECLARED_SELECTOR = YES;
				GCC_WARN_UNINITIALIZED_AUTOS = YES_AGGRESSIVE;
				GCC_WARN_UNUSED_FUNCTION = YES;
				GCC_WARN_UNUSED_VARIABLE = YES;
				MACOSX_DEPLOYMENT_TARGET = 10.12;
				MTL_ENABLE_DEBUG_INFO = YES;
				ONLY_ACTIVE_ARCH = YES;
				SDKROOT = macosx;
			};
			name = Debug;
		};
		D04DB0911EB4620800935600 /* Release */ = {
			isa = XCBuildConfiguration;
			buildSettings = {
				ALWAYS_SEARCH_USER_PATHS = NO;
				CLANG_ANALYZER_NONNULL = YES;
				CLANG_ANALYZER_NUMBER_OBJECT_CONVERSION = YES_AGGRESSIVE;
				CLANG_CXX_LANGUAGE_STANDARD = "gnu++0x";
				CLANG_CXX_LIBRARY = "libc++";
				CLANG_ENABLE_MODULES = YES;
				CLANG_ENABLE_OBJC_ARC = YES;
				CLANG_WARN_BOOL_CONVERSION = YES;
				CLANG_WARN_CONSTANT_CONVERSION = YES;
				CLANG_WARN_DIRECT_OBJC_ISA_USAGE = YES_ERROR;
				CLANG_WARN_DOCUMENTATION_COMMENTS = YES;
				CLANG_WARN_EMPTY_BODY = YES;
				CLANG_WARN_ENUM_CONVERSION = YES;
				CLANG_WARN_INFINITE_RECURSION = YES;
				CLANG_WARN_INT_CONVERSION = YES;
				CLANG_WARN_OBJC_ROOT_CLASS = YES_ERROR;
				CLANG_WARN_SUSPICIOUS_MOVE = YES;
				CLANG_WARN_UNREACHABLE_CODE = YES;
				CLANG_WARN__DUPLICATE_METHOD_MATCH = YES;
				CODE_SIGN_IDENTITY = "-";
				COPY_PHASE_STRIP = NO;
				DEBUG_INFORMATION_FORMAT = "dwarf-with-dsym";
				ENABLE_NS_ASSERTIONS = NO;
				ENABLE_STRICT_OBJC_MSGSEND = YES;
				GCC_C_LANGUAGE_STANDARD = gnu99;
				GCC_NO_COMMON_BLOCKS = YES;
				GCC_WARN_64_TO_32_BIT_CONVERSION = YES;
				GCC_WARN_ABOUT_RETURN_TYPE = YES_ERROR;
				GCC_WARN_UNDECLARED_SELECTOR = YES;
				GCC_WARN_UNINITIALIZED_AUTOS = YES_AGGRESSIVE;
				GCC_WARN_UNUSED_FUNCTION = YES;
				GCC_WARN_UNUSED_VARIABLE = YES;
				MACOSX_DEPLOYMENT_TARGET = 10.12;
				MTL_ENABLE_DEBUG_INFO = NO;
				SDKROOT = macosx;
			};
			name = Release;
		};
		D04DB0931EB4620800935600 /* Debug */ = {
			isa = XCBuildConfiguration;
			buildSettings = {
				PRODUCT_NAME = "$(TARGET_NAME)";
			};
			name = Debug;
		};
		D04DB0941EB4620800935600 /* Release */ = {
			isa = XCBuildConfiguration;
			buildSettings = {
				PRODUCT_NAME = "$(TARGET_NAME)";
			};
			name = Release;
		};
/* End XCBuildConfiguration section */

/* Begin XCConfigurationList section */
		D04DB0861EB4620800935600 /* Build configuration list for PBXProject "PeteSlang" */ = {
			isa = XCConfigurationList;
			buildConfigurations = (
				D04DB0901EB4620800935600 /* Debug */,
				D04DB0911EB4620800935600 /* Release */,
			);
			defaultConfigurationIsVisible = 0;
			defaultConfigurationName = Release;
		};
		D04DB0921EB4620800935600 /* Build configuration list for PBXNativeTarget "PeteSlang" */ = {
			isa = XCConfigurationList;
			buildConfigurations = (
				D04DB0931EB4620800935600 /* Debug */,
				D04DB0941EB4620800935600 /* Release */,
			);
			defaultConfigurationIsVisible = 0;
			defaultConfigurationName = Release;
		};
/* End XCConfigurationList section */
	};
	rootObject = D04DB0831EB4620800935600 /* Project object */;
}
